
Microsoft Visual Studio Solution File, Format Version 12.00
# Visual Studio 2013
VisualStudioVersion = 12.0.21005.1
MinimumVisualStudioVersion = 10.0.40219.1
Project("{8BC9CEB8-8B4A-11D0-8D11-00A0C91BC942}") = "StackADT", "StackADT\StackADT.vcxproj", "{41D1AD96-9CEA-4E8E-83F4-1C012ABD66ED}"
EndProject
Project("{8BC9CEB8-8B4A-11D0-8D11-00A0C91BC942}") = "StackADTTests", "StackADTTests\StackADTTests.vcxproj", "{F09D2FE0-F975-4FB0-862A-0D480BBDA3E1}"
EndProject
Project("{2150E333-8FDC-42A3-9474-1A3956D46DE8}") = "Solution Items", "Solution Items", "{D57BBA0A-56FA-4CA5-B136-97673A4D137F}"
	ProjectSection(SolutionItems) = preProject
		README.md = README.md
		StackADT_ClassDiagram.uxf = StackADT_ClassDiagram.uxf
	EndProjectSection
EndProject
Global
	GlobalSection(SolutionConfigurationPlatforms) = preSolution
		Debug|Win32 = Debug|Win32
		Release|Win32 = Release|Win32
	EndGlobalSection
	GlobalSection(ProjectConfigurationPlatforms) = postSolution
		{41D1AD96-9CEA-4E8E-83F4-1C012ABD66ED}.Debug|Win32.ActiveCfg = Debug|Win32
		{41D1AD96-9CEA-4E8E-83F4-1C012ABD66ED}.Debug|Win32.Build.0 = Debug|Win32
		{41D1AD96-9CEA-4E8E-83F4-1C012ABD66ED}.Release|Win32.ActiveCfg = Release|Win32
		{41D1AD96-9CEA-4E8E-83F4-1C012ABD66ED}.Release|Win32.Build.0 = Release|Win32
		{F09D2FE0-F975-4FB0-862A-0D480BBDA3E1}.Debug|Win32.ActiveCfg = Debug|Win32
		{F09D2FE0-F975-4FB0-862A-0D480BBDA3E1}.Debug|Win32.Build.0 = Debug|Win32
		{F09D2FE0-F975-4FB0-862A-0D480BBDA3E1}.Release|Win32.ActiveCfg = Release|Win32
		{F09D2FE0-F975-4FB0-862A-0D480BBDA3E1}.Release|Win32.Build.0 = Release|Win32
	EndGlobalSection
	GlobalSection(SolutionProperties) = preSolution
		HideSolutionNode = FALSE
	EndGlobalSection
EndGlobal
